// !$*UTF8*$!
{
	archiveVersion = 1;
	classes = {
	};
	objectVersion = 56;
	objects = {

/* Begin PBXBuildFile section */
		9EC1ABFC2C6C44760055A38D /* ScrumdingerApp.swift in Sources */ = {isa = PBXBuildFile; fileRef = 9EC1ABFB2C6C44760055A38D /* ScrumdingerApp.swift */; };
		9EC1ABFF2C6C45150055A38D /* CardView.swift in Sources */ = {isa = PBXBuildFile; fileRef = 9EC1ABFE2C6C45150055A38D /* CardView.swift */; };
		9EC1AC012C6C45400055A38D /* ContentView.swift in Sources */ = {isa = PBXBuildFile; fileRef = 9EC1AC002C6C45400055A38D /* ContentView.swift */; };
		9EC1AC032C6C454D0055A38D /* ScrumsView.swift in Sources */ = {isa = PBXBuildFile; fileRef = 9EC1AC022C6C454D0055A38D /* ScrumsView.swift */; };
		9EFE3ABE2C69992500D781F5 /* Assets.xcassets in Resources */ = {isa = PBXBuildFile; fileRef = 9EFE3ABD2C69992500D781F5 /* Assets.xcassets */; };
		9EFE3AC12C69992500D781F5 /* Preview Assets.xcassets in Resources */ = {isa = PBXBuildFile; fileRef = 9EFE3AC02C69992500D781F5 /* Preview Assets.xcassets */; };
		9EFE3ACB2C69992500D781F5 /* ScrumdingerTests.swift in Sources */ = {isa = PBXBuildFile; fileRef = 9EFE3ACA2C69992500D781F5 /* ScrumdingerTests.swift */; };
		9EFE3AD52C69992500D781F5 /* ScrumdingerUITests.swift in Sources */ = {isa = PBXBuildFile; fileRef = 9EFE3AD42C69992500D781F5 /* ScrumdingerUITests.swift */; };
		9EFE3AD72C69992500D781F5 /* ScrumdingerUITestsLaunchTests.swift in Sources */ = {isa = PBXBuildFile; fileRef = 9EFE3AD62C69992500D781F5 /* ScrumdingerUITestsLaunchTests.swift */; };
		9EFE3AE52C6C092C00D781F5 /* Theme.swift in Sources */ = {isa = PBXBuildFile; fileRef = 9EFE3AE42C6C092C00D781F5 /* Theme.swift */; };
		9EFE3AE72C6C0BB700D781F5 /* DailyScrum.swift in Sources */ = {isa = PBXBuildFile; fileRef = 9EFE3AE62C6C0BB700D781F5 /* DailyScrum.swift */; };
		9EFE3AEB2C6C1A7500D781F5 /* TrailingIconLabelStyle.swift in Sources */ = {isa = PBXBuildFile; fileRef = 9EFE3AEA2C6C1A7500D781F5 /* TrailingIconLabelStyle.swift */; };
/* End PBXBuildFile section */

/* Begin PBXContainerItemProxy section */
		9EFE3AC72C69992500D781F5 /* PBXContainerItemProxy */ = {
			isa = PBXContainerItemProxy;
			containerPortal = 9EFE3AAE2C69992400D781F5 /* Project object */;
			proxyType = 1;
			remoteGlobalIDString = 9EFE3AB52C69992400D781F5;
			remoteInfo = Scrumdinger;
		};
		9EFE3AD12C69992500D781F5 /* PBXContainerItemProxy */ = {
			isa = PBXContainerItemProxy;
			containerPortal = 9EFE3AAE2C69992400D781F5 /* Project object */;
			proxyType = 1;
			remoteGlobalIDString = 9EFE3AB52C69992400D781F5;
			remoteInfo = Scrumdinger;
		};
/* End PBXContainerItemProxy section */

/* Begin PBXFileReference section */
		9EC1ABFB2C6C44760055A38D /* ScrumdingerApp.swift */ = {isa = PBXFileReference; lastKnownFileType = sourcecode.swift; path = ScrumdingerApp.swift; sourceTree = "<group>"; };
		9EC1ABFE2C6C45150055A38D /* CardView.swift */ = {isa = PBXFileReference; lastKnownFileType = sourcecode.swift; path = CardView.swift; sourceTree = "<group>"; };
		9EC1AC002C6C45400055A38D /* ContentView.swift */ = {isa = PBXFileReference; lastKnownFileType = sourcecode.swift; path = ContentView.swift; sourceTree = "<group>"; };
		9EC1AC022C6C454D0055A38D /* ScrumsView.swift */ = {isa = PBXFileReference; lastKnownFileType = sourcecode.swift; path = ScrumsView.swift; sourceTree = "<group>"; };
		9EFE3AB62C69992400D781F5 /* Scrumdinger.app */ = {isa = PBXFileReference; explicitFileType = wrapper.application; includeInIndex = 0; path = Scrumdinger.app; sourceTree = BUILT_PRODUCTS_DIR; };
		9EFE3ABD2C69992500D781F5 /* Assets.xcassets */ = {isa = PBXFileReference; lastKnownFileType = folder.assetcatalog; path = Assets.xcassets; sourceTree = "<group>"; };
		9EFE3AC02C69992500D781F5 /* Preview Assets.xcassets */ = {isa = PBXFileReference; lastKnownFileType = folder.assetcatalog; path = "Preview Assets.xcassets"; sourceTree = "<group>"; };
		9EFE3AC62C69992500D781F5 /* ScrumdingerTests.xctest */ = {isa = PBXFileReference; explicitFileType = wrapper.cfbundle; includeInIndex = 0; path = ScrumdingerTests.xctest; sourceTree = BUILT_PRODUCTS_DIR; };
		9EFE3ACA2C69992500D781F5 /* ScrumdingerTests.swift */ = {isa = PBXFileReference; lastKnownFileType = sourcecode.swift; path = ScrumdingerTests.swift; sourceTree = "<group>"; };
		9EFE3AD02C69992500D781F5 /* ScrumdingerUITests.xctest */ = {isa = PBXFileReference; explicitFileType = wrapper.cfbundle; includeInIndex = 0; path = ScrumdingerUITests.xctest; sourceTree = BUILT_PRODUCTS_DIR; };
		9EFE3AD42C69992500D781F5 /* ScrumdingerUITests.swift */ = {isa = PBXFileReference; lastKnownFileType = sourcecode.swift; path = ScrumdingerUITests.swift; sourceTree = "<group>"; };
		9EFE3AD62C69992500D781F5 /* ScrumdingerUITestsLaunchTests.swift */ = {isa = PBXFileReference; lastKnownFileType = sourcecode.swift; path = ScrumdingerUITestsLaunchTests.swift; sourceTree = "<group>"; };
		9EFE3AE42C6C092C00D781F5 /* Theme.swift */ = {isa = PBXFileReference; lastKnownFileType = sourcecode.swift; path = Theme.swift; sourceTree = "<group>"; };
		9EFE3AE62C6C0BB700D781F5 /* DailyScrum.swift */ = {isa = PBXFileReference; lastKnownFileType = sourcecode.swift; path = DailyScrum.swift; sourceTree = "<group>"; };
		9EFE3AEA2C6C1A7500D781F5 /* TrailingIconLabelStyle.swift */ = {isa = PBXFileReference; lastKnownFileType = sourcecode.swift; path = TrailingIconLabelStyle.swift; sourceTree = "<group>"; };
/* End PBXFileReference section */

/* Begin PBXFrameworksBuildPhase section */
		9EFE3AB32C69992400D781F5 /* Frameworks */ = {
			isa = PBXFrameworksBuildPhase;
			buildActionMask = 2147483647;
			files = (
			);
			runOnlyForDeploymentPostprocessing = 0;
		};
		9EFE3AC32C69992500D781F5 /* Frameworks */ = {
			isa = PBXFrameworksBuildPhase;
			buildActionMask = 2147483647;
			files = (
			);
			runOnlyForDeploymentPostprocessing = 0;
		};
		9EFE3ACD2C69992500D781F5 /* Frameworks */ = {
			isa = PBXFrameworksBuildPhase;
			buildActionMask = 2147483647;
			files = (
			);
			runOnlyForDeploymentPostprocessing = 0;
		};
/* End PBXFrameworksBuildPhase section */

/* Begin PBXGroup section */
		9EC1ABFD2C6C44B90055A38D /* Views */ = {
			isa = PBXGroup;
			children = (
				9EC1ABFE2C6C45150055A38D /* CardView.swift */,
				9EC1AC002C6C45400055A38D /* ContentView.swift */,
				9EC1AC022C6C454D0055A38D /* ScrumsView.swift */,
			);
			path = Views;
			sourceTree = "<group>";
		};
		9EFE3AAD2C69992400D781F5 = {
			isa = PBXGroup;
			children = (
				9EFE3AB82C69992400D781F5 /* Scrumdinger */,
				9EFE3AC92C69992500D781F5 /* ScrumdingerTests */,
				9EFE3AD32C69992500D781F5 /* ScrumdingerUITests */,
				9EFE3AB72C69992400D781F5 /* Products */,
			);
			sourceTree = "<group>";
		};
		9EFE3AB72C69992400D781F5 /* Products */ = {
			isa = PBXGroup;
			children = (
				9EFE3AB62C69992400D781F5 /* Scrumdinger.app */,
				9EFE3AC62C69992500D781F5 /* ScrumdingerTests.xctest */,
				9EFE3AD02C69992500D781F5 /* ScrumdingerUITests.xctest */,
			);
			name = Products;
			sourceTree = "<group>";
		};
		9EFE3AB82C69992400D781F5 /* Scrumdinger */ = {
			isa = PBXGroup;
			children = (
				9EC1ABFB2C6C44760055A38D /* ScrumdingerApp.swift */,
				9EC1ABFD2C6C44B90055A38D /* Views */,
				9EFE3AE32C6C08FA00D781F5 /* Models */,
				9EFE3ABD2C69992500D781F5 /* Assets.xcassets */,
				9EFE3ABF2C69992500D781F5 /* Preview Content */,
			);
			path = Scrumdinger;
			sourceTree = "<group>";
		};
		9EFE3ABF2C69992500D781F5 /* Preview Content */ = {
			isa = PBXGroup;
			children = (
				9EFE3AC02C69992500D781F5 /* Preview Assets.xcassets */,
			);
			path = "Preview Content";
			sourceTree = "<group>";
		};
		9EFE3AC92C69992500D781F5 /* ScrumdingerTests */ = {
			isa = PBXGroup;
			children = (
				9EFE3ACA2C69992500D781F5 /* ScrumdingerTests.swift */,
			);
			path = ScrumdingerTests;
			sourceTree = "<group>";
		};
		9EFE3AD32C69992500D781F5 /* ScrumdingerUITests */ = {
			isa = PBXGroup;
			children = (
				9EFE3AD42C69992500D781F5 /* ScrumdingerUITests.swift */,
				9EFE3AD62C69992500D781F5 /* ScrumdingerUITestsLaunchTests.swift */,
			);
			path = ScrumdingerUITests;
			sourceTree = "<group>";
		};
		9EFE3AE32C6C08FA00D781F5 /* Models */ = {
			isa = PBXGroup;
			children = (
				9EFE3AE42C6C092C00D781F5 /* Theme.swift */,
				9EFE3AE62C6C0BB700D781F5 /* DailyScrum.swift */,
				9EFE3AEA2C6C1A7500D781F5 /* TrailingIconLabelStyle.swift */,
			);
			path = Models;
			sourceTree = "<group>";
		};
/* End PBXGroup section */

/* Begin PBXNativeTarget section */
		9EFE3AB52C69992400D781F5 /* Scrumdinger */ = {
			isa = PBXNativeTarget;
			buildConfigurationList = 9EFE3ADA2C69992500D781F5 /* Build configuration list for PBXNativeTarget "Scrumdinger" */;
			buildPhases = (
				9EFE3AB22C69992400D781F5 /* Sources */,
				9EFE3AB32C69992400D781F5 /* Frameworks */,
				9EFE3AB42C69992400D781F5 /* Resources */,
			);
			buildRules = (
			);
			dependencies = (
			);
			name = Scrumdinger;
			productName = Scrumdinger;
			productReference = 9EFE3AB62C69992400D781F5 /* Scrumdinger.app */;
			productType = "com.apple.product-type.application";
		};
		9EFE3AC52C69992500D781F5 /* ScrumdingerTests */ = {
			isa = PBXNativeTarget;
			buildConfigurationList = 9EFE3ADD2C69992500D781F5 /* Build configuration list for PBXNativeTarget "ScrumdingerTests" */;
			buildPhases = (
				9EFE3AC22C69992500D781F5 /* Sources */,
				9EFE3AC32C69992500D781F5 /* Frameworks */,
				9EFE3AC42C69992500D781F5 /* Resources */,
			);
			buildRules = (
			);
			dependencies = (
				9EFE3AC82C69992500D781F5 /* PBXTargetDependency */,
			);
			name = ScrumdingerTests;
			productName = ScrumdingerTests;
			productReference = 9EFE3AC62C69992500D781F5 /* ScrumdingerTests.xctest */;
			productType = "com.apple.product-type.bundle.unit-test";
		};
		9EFE3ACF2C69992500D781F5 /* ScrumdingerUITests */ = {
			isa = PBXNativeTarget;
			buildConfigurationList = 9EFE3AE02C69992500D781F5 /* Build configuration list for PBXNativeTarget "ScrumdingerUITests" */;
			buildPhases = (
				9EFE3ACC2C69992500D781F5 /* Sources */,
				9EFE3ACD2C69992500D781F5 /* Frameworks */,
				9EFE3ACE2C69992500D781F5 /* Resources */,
			);
			buildRules = (
			);
			dependencies = (
				9EFE3AD22C69992500D781F5 /* PBXTargetDependency */,
			);
			name = ScrumdingerUITests;
			productName = ScrumdingerUITests;
			productReference = 9EFE3AD02C69992500D781F5 /* ScrumdingerUITests.xctest */;
			productType = "com.apple.product-type.bundle.ui-testing";
		};
/* End PBXNativeTarget section */

/* Begin PBXProject section */
		9EFE3AAE2C69992400D781F5 /* Project object */ = {
			isa = PBXProject;
			attributes = {
				BuildIndependentTargetsInParallel = 1;
				LastSwiftUpdateCheck = 1540;
				LastUpgradeCheck = 1540;
				TargetAttributes = {
					9EFE3AB52C69992400D781F5 = {
						CreatedOnToolsVersion = 15.4;
					};
					9EFE3AC52C69992500D781F5 = {
						CreatedOnToolsVersion = 15.4;
						TestTargetID = 9EFE3AB52C69992400D781F5;
					};
					9EFE3ACF2C69992500D781F5 = {
						CreatedOnToolsVersion = 15.4;
						TestTargetID = 9EFE3AB52C69992400D781F5;
					};
				};
			};
			buildConfigurationList = 9EFE3AB12C69992400D781F5 /* Build configuration list for PBXProject "Scrumdinger" */;
			compatibilityVersion = "Xcode 14.0";
			developmentRegion = en;
			hasScannedForEncodings = 0;
			knownRegions = (
				en,
				Base,
			);
			mainGroup = 9EFE3AAD2C69992400D781F5;
			productRefGroup = 9EFE3AB72C69992400D781F5 /* Products */;
			projectDirPath = "";
			projectRoot = "";
			targets = (
				9EFE3AB52C69992400D781F5 /* Scrumdinger */,
				9EFE3AC52C69992500D781F5 /* ScrumdingerTests */,
				9EFE3ACF2C69992500D781F5 /* ScrumdingerUITests */,
			);
		};
/* End PBXProject section */

/* Begin PBXResourcesBuildPhase section */
		9EFE3AB42C69992400D781F5 /* Resources */ = {
			isa = PBXResourcesBuildPhase;
			buildActionMask = 2147483647;
			files = (
				9EFE3AC12C69992500D781F5 /* Preview Assets.xcassets in Resources */,
				9EFE3ABE2C69992500D781F5 /* Assets.xcassets in Resources */,
			);
			runOnlyForDeploymentPostprocessing = 0;
		};
		9EFE3AC42C69992500D781F5 /* Resources */ = {
			isa = PBXResourcesBuildPhase;
			buildActionMask = 2147483647;
			files = (
			);
			runOnlyForDeploymentPostprocessing = 0;
		};
		9EFE3ACE2C69992500D781F5 /* Resources */ = {
			isa = PBXResourcesBuildPhase;
			buildActionMask = 2147483647;
			files = (
			);
			runOnlyForDeploymentPostprocessing = 0;
		};
/* End PBXResourcesBuildPhase section */

/* Begin PBXSourcesBuildPhase section */
		9EFE3AB22C69992400D781F5 /* Sources */ = {
			isa = PBXSourcesBuildPhase;
			buildActionMask = 2147483647;
			files = (
				9EFE3AE72C6C0BB700D781F5 /* DailyScrum.swift in Sources */,
				9EFE3AEB2C6C1A7500D781F5 /* TrailingIconLabelStyle.swift in Sources */,
				9EC1ABFC2C6C44760055A38D /* ScrumdingerApp.swift in Sources */,
				9EC1AC032C6C454D0055A38D /* ScrumsView.swift in Sources */,
				9EFE3AE52C6C092C00D781F5 /* Theme.swift in Sources */,
				9EC1AC012C6C45400055A38D /* ContentView.swift in Sources */,
				9EC1ABFF2C6C45150055A38D /* CardView.swift in Sources */,
			);
			runOnlyForDeploymentPostprocessing = 0;
		};
		9EFE3AC22C69992500D781F5 /* Sources */ = {
			isa = PBXSourcesBuildPhase;
			buildActionMask = 2147483647;
			files = (
				9EFE3ACB2C69992500D781F5 /* ScrumdingerTests.swift in Sources */,
			);
			runOnlyForDeploymentPostprocessing = 0;
		};
		9EFE3ACC2C69992500D781F5 /* Sources */ = {
			isa = PBXSourcesBuildPhase;
			buildActionMask = 2147483647;
			files = (
				9EFE3AD72C69992500D781F5 /* ScrumdingerUITestsLaunchTests.swift in Sources */,
				9EFE3AD52C69992500D781F5 /* ScrumdingerUITests.swift in Sources */,
			);
			runOnlyForDeploymentPostprocessing = 0;
		};
/* End PBXSourcesBuildPhase section */

/* Begin PBXTargetDependency section */
		9EFE3AC82C69992500D781F5 /* PBXTargetDependency */ = {
			isa = PBXTargetDependency;
			target = 9EFE3AB52C69992400D781F5 /* Scrumdinger */;
			targetProxy = 9EFE3AC72C69992500D781F5 /* PBXContainerItemProxy */;
		};
		9EFE3AD22C69992500D781F5 /* PBXTargetDependency */ = {
			isa = PBXTargetDependency;
			target = 9EFE3AB52C69992400D781F5 /* Scrumdinger */;
			targetProxy = 9EFE3AD12C69992500D781F5 /* PBXContainerItemProxy */;
		};
/* End PBXTargetDependency section */

/* Begin XCBuildConfiguration section */
		9EFE3AD82C69992500D781F5 /* Debug */ = {
			isa = XCBuildConfiguration;
			buildSettings = {
				ALWAYS_SEARCH_USER_PATHS = NO;
				ASSETCATALOG_COMPILER_GENERATE_SWIFT_ASSET_SYMBOL_EXTENSIONS = YES;
				CLANG_ANALYZER_NONNULL = YES;
				CLANG_ANALYZER_NUMBER_OBJECT_CONVERSION = YES_AGGRESSIVE;
				CLANG_CXX_LANGUAGE_STANDARD = "gnu++20";
				CLANG_ENABLE_MODULES = YES;
				CLANG_ENABLE_OBJC_ARC = YES;
				CLANG_ENABLE_OBJC_WEAK = YES;
				CLANG_WARN_BLOCK_CAPTURE_AUTORELEASING = YES;
				CLANG_WARN_BOOL_CONVERSION = YES;
				CLANG_WARN_COMMA = YES;
				CLANG_WARN_CONSTANT_CONVERSION = YES;
				CLANG_WARN_DEPRECATED_OBJC_IMPLEMENTATIONS = YES;
				CLANG_WARN_DIRECT_OBJC_ISA_USAGE = YES_ERROR;
				CLANG_WARN_DOCUMENTATION_COMMENTS = YES;
				CLANG_WARN_EMPTY_BODY = YES;
				CLANG_WARN_ENUM_CONVERSION = YES;
				CLANG_WARN_INFINITE_RECURSION = YES;
				CLANG_WARN_INT_CONVERSION = YES;
				CLANG_WARN_NON_LITERAL_NULL_CONVERSION = YES;
				CLANG_WARN_OBJC_IMPLICIT_RETAIN_SELF = YES;
				CLANG_WARN_OBJC_LITERAL_CONVERSION = YES;
				CLANG_WARN_OBJC_ROOT_CLASS = YES_ERROR;
				CLANG_WARN_QUOTED_INCLUDE_IN_FRAMEWORK_HEADER = YES;
				CLANG_WARN_RANGE_LOOP_ANALYSIS = YES;
				CLANG_WARN_STRICT_PROTOTYPES = YES;
				CLANG_WARN_SUSPICIOUS_MOVE = YES;
				CLANG_WARN_UNGUARDED_AVAILABILITY = YES_AGGRESSIVE;
				CLANG_WARN_UNREACHABLE_CODE = YES;
				CLANG_WARN__DUPLICATE_METHOD_MATCH = YES;
				COPY_PHASE_STRIP = NO;
				DEBUG_INFORMATION_FORMAT = dwarf;
				ENABLE_STRICT_OBJC_MSGSEND = YES;
				ENABLE_TESTABILITY = YES;
				ENABLE_USER_SCRIPT_SANDBOXING = YES;
				GCC_C_LANGUAGE_STANDARD = gnu17;
				GCC_DYNAMIC_NO_PIC = NO;
				GCC_NO_COMMON_BLOCKS = YES;
				GCC_OPTIMIZATION_LEVEL = 0;
				GCC_PREPROCESSOR_DEFINITIONS = (
					"DEBUG=1",
					"$(inherited)",
				);
				GCC_WARN_64_TO_32_BIT_CONVERSION = YES;
				GCC_WARN_ABOUT_RETURN_TYPE = YES_ERROR;
				GCC_WARN_UNDECLARED_SELECTOR = YES;
				GCC_WARN_UNINITIALIZED_AUTOS = YES_AGGRESSIVE;
				GCC_WARN_UNUSED_FUNCTION = YES;
				GCC_WARN_UNUSED_VARIABLE = YES;
				IPHONEOS_DEPLOYMENT_TARGET = 17.5;
				LOCALIZATION_PREFERS_STRING_CATALOGS = YES;
				MTL_ENABLE_DEBUG_INFO = INCLUDE_SOURCE;
				MTL_FAST_MATH = YES;
				ONLY_ACTIVE_ARCH = YES;
				SDKROOT = iphoneos;
				SWIFT_ACTIVE_COMPILATION_CONDITIONS = "DEBUG $(inherited)";
				SWIFT_OPTIMIZATION_LEVEL = "-Onone";
			};
			name = Debug;
		};
		9EFE3AD92C69992500D781F5 /* Release */ = {
			isa = XCBuildConfiguration;
			buildSettings = {
				ALWAYS_SEARCH_USER_PATHS = NO;
				ASSETCATALOG_COMPILER_GENERATE_SWIFT_ASSET_SYMBOL_EXTENSIONS = YES;
				CLANG_ANALYZER_NONNULL = YES;
				CLANG_ANALYZER_NUMBER_OBJECT_CONVERSION = YES_AGGRESSIVE;
				CLANG_CXX_LANGUAGE_STANDARD = "gnu++20";
				CLANG_ENABLE_MODULES = YES;
				CLANG_ENABLE_OBJC_ARC = YES;
				CLANG_ENABLE_OBJC_WEAK = YES;
				CLANG_WARN_BLOCK_CAPTURE_AUTORELEASING = YES;
				CLANG_WARN_BOOL_CONVERSION = YES;
				CLANG_WARN_COMMA = YES;
				CLANG_WARN_CONSTANT_CONVERSION = YES;
				CLANG_WARN_DEPRECATED_OBJC_IMPLEMENTATIONS = YES;
				CLANG_WARN_DIRECT_OBJC_ISA_USAGE = YES_ERROR;
				CLANG_WARN_DOCUMENTATION_COMMENTS = YES;
				CLANG_WARN_EMPTY_BODY = YES;
				CLANG_WARN_ENUM_CONVERSION = YES;
				CLANG_WARN_INFINITE_RECURSION = YES;
				CLANG_WARN_INT_CONVERSION = YES;
				CLANG_WARN_NON_LITERAL_NULL_CONVERSION = YES;
				CLANG_WARN_OBJC_IMPLICIT_RETAIN_SELF = YES;
				CLANG_WARN_OBJC_LITERAL_CONVERSION = YES;
				CLANG_WARN_OBJC_ROOT_CLASS = YES_ERROR;
				CLANG_WARN_QUOTED_INCLUDE_IN_FRAMEWORK_HEADER = YES;
				CLANG_WARN_RANGE_LOOP_ANALYSIS = YES;
				CLANG_WARN_STRICT_PROTOTYPES = YES;
				CLANG_WARN_SUSPICIOUS_MOVE = YES;
				CLANG_WARN_UNGUARDED_AVAILABILITY = YES_AGGRESSIVE;
				CLANG_WARN_UNREACHABLE_CODE = YES;
				CLANG_WARN__DUPLICATE_METHOD_MATCH = YES;
				COPY_PHASE_STRIP = NO;
				DEBUG_INFORMATION_FORMAT = "dwarf-with-dsym";
				ENABLE_NS_ASSERTIONS = NO;
				ENABLE_STRICT_OBJC_MSGSEND = YES;
				ENABLE_USER_SCRIPT_SANDBOXING = YES;
				GCC_C_LANGUAGE_STANDARD = gnu17;
				GCC_NO_COMMON_BLOCKS = YES;
				GCC_WARN_64_TO_32_BIT_CONVERSION = YES;
				GCC_WARN_ABOUT_RETURN_TYPE = YES_ERROR;
				GCC_WARN_UNDECLARED_SELECTOR = YES;
				GCC_WARN_UNINITIALIZED_AUTOS = YES_AGGRESSIVE;
				GCC_WARN_UNUSED_FUNCTION = YES;
				GCC_WARN_UNUSED_VARIABLE = YES;
				IPHONEOS_DEPLOYMENT_TARGET = 17.5;
				LOCALIZATION_PREFERS_STRING_CATALOGS = YES;
				MTL_ENABLE_DEBUG_INFO = NO;
				MTL_FAST_MATH = YES;
				SDKROOT = iphoneos;
				SWIFT_COMPILATION_MODE = wholemodule;
				VALIDATE_PRODUCT = YES;
			};
			name = Release;
		};
		9EFE3ADB2C69992500D781F5 /* Debug */ = {
			isa = XCBuildConfiguration;
			buildSettings = {
				ASSETCATALOG_COMPILER_APPICON_NAME = AppIcon;
				ASSETCATALOG_COMPILER_GLOBAL_ACCENT_COLOR_NAME = AccentColor;
				CODE_SIGN_STYLE = Automatic;
				CURRENT_PROJECT_VERSION = 1;
				DEVELOPMENT_ASSET_PATHS = "\"Scrumdinger/Preview Content\"";
				ENABLE_PREVIEWS = YES;
				GENERATE_INFOPLIST_FILE = YES;
				INFOPLIST_KEY_UIApplicationSceneManifest_Generation = YES;
				INFOPLIST_KEY_UIApplicationSupportsIndirectInputEvents = YES;
				INFOPLIST_KEY_UILaunchScreen_Generation = YES;
				INFOPLIST_KEY_UISupportedInterfaceOrientations_iPad = "UIInterfaceOrientationPortrait UIInterfaceOrientationPortraitUpsideDown UIInterfaceOrientationLandscapeLeft UIInterfaceOrientationLandscapeRight";
				INFOPLIST_KEY_UISupportedInterfaceOrientations_iPhone = "UIInterfaceOrientationPortrait UIInterfaceOrientationLandscapeLeft UIInterfaceOrientationLandscapeRight";
				LD_RUNPATH_SEARCH_PATHS = (
					"$(inherited)",
					"@executable_path/Frameworks",
				);
				MARKETING_VERSION = 1.0;
				PRODUCT_BUNDLE_IDENTIFIER = "Hilal-Safi.Scrumdinger";
				PRODUCT_NAME = "$(TARGET_NAME)";
				SWIFT_EMIT_LOC_STRINGS = YES;
				SWIFT_VERSION = 5.0;
				TARGETED_DEVICE_FAMILY = "1,2";
			};
			name = Debug;
		};
		9EFE3ADC2C69992500D781F5 /* Release */ = {
			isa = XCBuildConfiguration;
			buildSettings = {
				ASSETCATALOG_COMPILER_APPICON_NAME = AppIcon;
				ASSETCATALOG_COMPILER_GLOBAL_ACCENT_COLOR_NAME = AccentColor;
				CODE_SIGN_STYLE = Automatic;
				CURRENT_PROJECT_VERSION = 1;
				DEVELOPMENT_ASSET_PATHS = "\"Scrumdinger/Preview Content\"";
				ENABLE_PREVIEWS = YES;
				GENERATE_INFOPLIST_FILE = YES;
				INFOPLIST_KEY_UIApplicationSceneManifest_Generation = YES;
				INFOPLIST_KEY_UIApplicationSupportsIndirectInputEvents = YES;
				INFOPLIST_KEY_UILaunchScreen_Generation = YES;
				INFOPLIST_KEY_UISupportedInterfaceOrientations_iPad = "UIInterfaceOrientationPortrait UIInterfaceOrientationPortraitUpsideDown UIInterfaceOrientationLandscapeLeft UIInterfaceOrientationLandscapeRight";
				INFOPLIST_KEY_UISupportedInterfaceOrientations_iPhone = "UIInterfaceOrientationPortrait UIInterfaceOrientationLandscapeLeft UIInterfaceOrientationLandscapeRight";
				LD_RUNPATH_SEARCH_PATHS = (
					"$(inherited)",
					"@executable_path/Frameworks",
				);
				MARKETING_VERSION = 1.0;
				PRODUCT_BUNDLE_IDENTIFIER = "Hilal-Safi.Scrumdinger";
				PRODUCT_NAME = "$(TARGET_NAME)";
				SWIFT_EMIT_LOC_STRINGS = YES;
				SWIFT_VERSION = 5.0;
				TARGETED_DEVICE_FAMILY = "1,2";
			};
			name = Release;
		};
		9EFE3ADE2C69992500D781F5 /* Debug */ = {
			isa = XCBuildConfiguration;
			buildSettings = {
				ALWAYS_EMBED_SWIFT_STANDARD_LIBRARIES = YES;
				BUNDLE_LOADER = "$(TEST_HOST)";
				CODE_SIGN_STYLE = Automatic;
				CURRENT_PROJECT_VERSION = 1;
				GENERATE_INFOPLIST_FILE = YES;
				IPHONEOS_DEPLOYMENT_TARGET = 17.5;
				MARKETING_VERSION = 1.0;
				PRODUCT_BUNDLE_IDENTIFIER = "Hilal-Safi.ScrumdingerTests";
				PRODUCT_NAME = "$(TARGET_NAME)";
				SWIFT_EMIT_LOC_STRINGS = NO;
				SWIFT_VERSION = 5.0;
				TARGETED_DEVICE_FAMILY = "1,2";
				TEST_HOST = "$(BUILT_PRODUCTS_DIR)/Scrumdinger.app/$(BUNDLE_EXECUTABLE_FOLDER_PATH)/Scrumdinger";
			};
			name = Debug;
		};
		9EFE3ADF2C69992500D781F5 /* Release */ = {
			isa = XCBuildConfiguration;
			buildSettings = {
				ALWAYS_EMBED_SWIFT_STANDARD_LIBRARIES = YES;
				BUNDLE_LOADER = "$(TEST_HOST)";
				CODE_SIGN_STYLE = Automatic;
				CURRENT_PROJECT_VERSION = 1;
				GENERATE_INFOPLIST_FILE = YES;
				IPHONEOS_DEPLOYMENT_TARGET = 17.5;
				MARKETING_VERSION = 1.0;
				PRODUCT_BUNDLE_IDENTIFIER = "Hilal-Safi.ScrumdingerTests";
				PRODUCT_NAME = "$(TARGET_NAME)";
				SWIFT_EMIT_LOC_STRINGS = NO;
				SWIFT_VERSION = 5.0;
				TARGETED_DEVICE_FAMILY = "1,2";
				TEST_HOST = "$(BUILT_PRODUCTS_DIR)/Scrumdinger.app/$(BUNDLE_EXECUTABLE_FOLDER_PATH)/Scrumdinger";
			};
			name = Release;
		};
		9EFE3AE12C69992500D781F5 /* Debug */ = {
			isa = XCBuildConfiguration;
			buildSettings = {
				ALWAYS_EMBED_SWIFT_STANDARD_LIBRARIES = YES;
				CODE_SIGN_STYLE = Automatic;
				CURRENT_PROJECT_VERSION = 1;
				GENERATE_INFOPLIST_FILE = YES;
				MARKETING_VERSION = 1.0;
				PRODUCT_BUNDLE_IDENTIFIER = "Hilal-Safi.ScrumdingerUITests";
				PRODUCT_NAME = "$(TARGET_NAME)";
				SWIFT_EMIT_LOC_STRINGS = NO;
				SWIFT_VERSION = 5.0;
				TARGETED_DEVICE_FAMILY = "1,2";
				TEST_TARGET_NAME = Scrumdinger;
			};
			name = Debug;
		};
		9EFE3AE22C69992500D781F5 /* Release */ = {
			isa = XCBuildConfiguration;
			buildSettings = {
				ALWAYS_EMBED_SWIFT_STANDARD_LIBRARIES = YES;
				CODE_SIGN_STYLE = Automatic;
				CURRENT_PROJECT_VERSION = 1;
				GENERATE_INFOPLIST_FILE = YES;
				MARKETING_VERSION = 1.0;
				PRODUCT_BUNDLE_IDENTIFIER = "Hilal-Safi.ScrumdingerUITests";
				PRODUCT_NAME = "$(TARGET_NAME)";
				SWIFT_EMIT_LOC_STRINGS = NO;
				SWIFT_VERSION = 5.0;
				TARGETED_DEVICE_FAMILY = "1,2";
				TEST_TARGET_NAME = Scrumdinger;
			};
			name = Release;
		};
/* End XCBuildConfiguration section */

/* Begin XCConfigurationList section */
		9EFE3AB12C69992400D781F5 /* Build configuration list for PBXProject "Scrumdinger" */ = {
			isa = XCConfigurationList;
			buildConfigurations = (
				9EFE3AD82C69992500D781F5 /* Debug */,
				9EFE3AD92C69992500D781F5 /* Release */,
			);
			defaultConfigurationIsVisible = 0;
			defaultConfigurationName = Release;
		};
		9EFE3ADA2C69992500D781F5 /* Build configuration list for PBXNativeTarget "Scrumdinger" */ = {
			isa = XCConfigurationList;
			buildConfigurations = (
				9EFE3ADB2C69992500D781F5 /* Debug */,
				9EFE3ADC2C69992500D781F5 /* Release */,
			);
			defaultConfigurationIsVisible = 0;
			defaultConfigurationName = Release;
		};
		9EFE3ADD2C69992500D781F5 /* Build configuration list for PBXNativeTarget "ScrumdingerTests" */ = {
			isa = XCConfigurationList;
			buildConfigurations = (
				9EFE3ADE2C69992500D781F5 /* Debug */,
				9EFE3ADF2C69992500D781F5 /* Release */,
			);
			defaultConfigurationIsVisible = 0;
			defaultConfigurationName = Release;
		};
		9EFE3AE02C69992500D781F5 /* Build configuration list for PBXNativeTarget "ScrumdingerUITests" */ = {
			isa = XCConfigurationList;
			buildConfigurations = (
				9EFE3AE12C69992500D781F5 /* Debug */,
				9EFE3AE22C69992500D781F5 /* Release */,
			);
			defaultConfigurationIsVisible = 0;
			defaultConfigurationName = Release;
		};
/* End XCConfigurationList section */
	};
	rootObject = 9EFE3AAE2C69992400D781F5 /* Project object */;
}
